
Microsoft Visual Studio Solution File, Format Version 12.00
# Visual Studio 14
VisualStudioVersion = 14.0.25420.1
MinimumVisualStudioVersion = 10.0.40219.1
Project("{2150E333-8FDC-42A3-9474-1A3956D46DE8}") = "src", "src", "{6992AED5-5568-4FDA-917B-C314016FAF90}"
EndProject
Project("{2150E333-8FDC-42A3-9474-1A3956D46DE8}") = "Solution Items", "Solution Items", "{DD54EA2B-D816-41DD-B79F-1E30FFDE0F8C}"
	ProjectSection(SolutionItems) = preProject
		global.json = global.json
		README.md = README.md
	EndProjectSection
EndProject
Project("{8BB2217D-0F2D-49D1-97BC-3654ED321F3B}") = "App.RPCDemo", "src\App.RPCDemo\App.RPCDemo.xproj", "{DD6175E2-73CC-4CCD-A7D1-44A6A5403DBF}"
EndProject
Project("{8BB2217D-0F2D-49D1-97BC-3654ED321F3B}") = "App.RPCDemoClient", "src\App.RPCDemoClient\App.RPCDemoClient.xproj", "{AD07B6E0-EDA0-4436-86B1-E33C0E0A959A}"
EndProject
Project("{8BB2217D-0F2D-49D1-97BC-3654ED321F3B}") = "App.RPCDemoServer", "src\App.RPCDemoServer\App.RPCDemoServer.xproj", "{19BCE8B3-3CD6-4D79-B564-E9D96045C019}"
EndProject
Project("{8BB2217D-0F2D-49D1-97BC-3654ED321F3B}") = "App.RPC.Core", "src\App.RPC.Core\App.RPC.Core.xproj", "{BEEE10F0-7AE7-4A82-A6F4-97C4147B764C}"
EndProject
Project("{2150E333-8FDC-42A3-9474-1A3956D46DE8}") = "Grpc", "Grpc", "{743EA45E-7516-4AD5-A76A-2F49C5D1AE52}"
EndProject
Project("{2150E333-8FDC-42A3-9474-1A3956D46DE8}") = "Thrift", "Thrift", "{9616D769-68E0-4041-96F3-32E664BFDDF1}"
	ProjectSection(SolutionItems) = preProject
		README.txt = README.txt
	EndProjectSection
EndProject
Project("{8BB2217D-0F2D-49D1-97BC-3654ED321F3B}") = "App.ThriftDemoServer", "src\App.ThriftDemoServer\App.ThriftDemoServer.xproj", "{82E4682F-6503-49C8-998F-DB3F978D0CE1}"
EndProject
Project("{8BB2217D-0F2D-49D1-97BC-3654ED321F3B}") = "App.ThriftDemo", "src\App.ThriftDemo\App.ThriftDemo.xproj", "{8A04F710-8D3C-4F27-9D7E-79A6DFCFEA3C}"
EndProject
Project("{2150E333-8FDC-42A3-9474-1A3956D46DE8}") = "NewFolder1", "NewFolder1", "{275418D8-1DAC-4F1C-A5B3-544D28F796DA}"
EndProject
Project("{2150E333-8FDC-42A3-9474-1A3956D46DE8}") = "Lib", "Lib", "{F232F021-FA07-49B7-9F22-AA5D9D06D2D0}"
EndProject
Project("{8BB2217D-0F2D-49D1-97BC-3654ED321F3B}") = "thrift-netcore", "src\thrift-netcore\thrift-netcore.xproj", "{3F4BA11A-FF75-47C1-A3AB-1764B6C15691}"
EndProject
Project("{8BB2217D-0F2D-49D1-97BC-3654ED321F3B}") = "App.ThriftDemoClient", "App.ThriftDemoClient\App.ThriftDemoClient.xproj", "{98893518-EFCE-4E6E-BAD9-DA0CE8EA06BC}"
EndProject
Global
	GlobalSection(SolutionConfigurationPlatforms) = preSolution
		Debug|Any CPU = Debug|Any CPU
		Release|Any CPU = Release|Any CPU
	EndGlobalSection
	GlobalSection(ProjectConfigurationPlatforms) = postSolution
		{DD6175E2-73CC-4CCD-A7D1-44A6A5403DBF}.Debug|Any CPU.ActiveCfg = Debug|Any CPU
		{DD6175E2-73CC-4CCD-A7D1-44A6A5403DBF}.Debug|Any CPU.Build.0 = Debug|Any CPU
		{DD6175E2-73CC-4CCD-A7D1-44A6A5403DBF}.Release|Any CPU.ActiveCfg = Release|Any CPU
		{DD6175E2-73CC-4CCD-A7D1-44A6A5403DBF}.Release|Any CPU.Build.0 = Release|Any CPU
		{AD07B6E0-EDA0-4436-86B1-E33C0E0A959A}.Debug|Any CPU.ActiveCfg = Debug|Any CPU
		{AD07B6E0-EDA0-4436-86B1-E33C0E0A959A}.Debug|Any CPU.Build.0 = Debug|Any CPU
		{AD07B6E0-EDA0-4436-86B1-E33C0E0A959A}.Release|Any CPU.ActiveCfg = Release|Any CPU
		{AD07B6E0-EDA0-4436-86B1-E33C0E0A959A}.Release|Any CPU.Build.0 = Release|Any CPU
		{19BCE8B3-3CD6-4D79-B564-E9D96045C019}.Debug|Any CPU.ActiveCfg = Debug|Any CPU
		{19BCE8B3-3CD6-4D79-B564-E9D96045C019}.Debug|Any CPU.Build.0 = Debug|Any CPU
		{19BCE8B3-3CD6-4D79-B564-E9D96045C019}.Release|Any CPU.ActiveCfg = Release|Any CPU
		{19BCE8B3-3CD6-4D79-B564-E9D96045C019}.Release|Any CPU.Build.0 = Release|Any CPU
		{BEEE10F0-7AE7-4A82-A6F4-97C4147B764C}.Debug|Any CPU.ActiveCfg = Debug|Any CPU
		{BEEE10F0-7AE7-4A82-A6F4-97C4147B764C}.Debug|Any CPU.Build.0 = Debug|Any CPU
		{BEEE10F0-7AE7-4A82-A6F4-97C4147B764C}.Release|Any CPU.ActiveCfg = Release|Any CPU
		{BEEE10F0-7AE7-4A82-A6F4-97C4147B764C}.Release|Any CPU.Build.0 = Release|Any CPU
		{82E4682F-6503-49C8-998F-DB3F978D0CE1}.Debug|Any CPU.ActiveCfg = Debug|Any CPU
		{82E4682F-6503-49C8-998F-DB3F978D0CE1}.Debug|Any CPU.Build.0 = Debug|Any CPU
		{82E4682F-6503-49C8-998F-DB3F978D0CE1}.Release|Any CPU.ActiveCfg = Release|Any CPU
		{82E4682F-6503-49C8-998F-DB3F978D0CE1}.Release|Any CPU.Build.0 = Release|Any CPU
		{8A04F710-8D3C-4F27-9D7E-79A6DFCFEA3C}.Debug|Any CPU.ActiveCfg = Debug|Any CPU
		{8A04F710-8D3C-4F27-9D7E-79A6DFCFEA3C}.Debug|Any CPU.Build.0 = Debug|Any CPU
		{8A04F710-8D3C-4F27-9D7E-79A6DFCFEA3C}.Release|Any CPU.ActiveCfg = Release|Any CPU
		{8A04F710-8D3C-4F27-9D7E-79A6DFCFEA3C}.Release|Any CPU.Build.0 = Release|Any CPU
		{3F4BA11A-FF75-47C1-A3AB-1764B6C15691}.Debug|Any CPU.ActiveCfg = Debug|Any CPU
		{3F4BA11A-FF75-47C1-A3AB-1764B6C15691}.Debug|Any CPU.Build.0 = Debug|Any CPU
		{3F4BA11A-FF75-47C1-A3AB-1764B6C15691}.Release|Any CPU.ActiveCfg = Release|Any CPU
		{3F4BA11A-FF75-47C1-A3AB-1764B6C15691}.Release|Any CPU.Build.0 = Release|Any CPU
		{98893518-EFCE-4E6E-BAD9-DA0CE8EA06BC}.Debug|Any CPU.ActiveCfg = Debug|Any CPU
		{98893518-EFCE-4E6E-BAD9-DA0CE8EA06BC}.Debug|Any CPU.Build.0 = Debug|Any CPU
		{98893518-EFCE-4E6E-BAD9-DA0CE8EA06BC}.Release|Any CPU.ActiveCfg = Release|Any CPU
		{98893518-EFCE-4E6E-BAD9-DA0CE8EA06BC}.Release|Any CPU.Build.0 = Release|Any CPU
	EndGlobalSection
	GlobalSection(SolutionProperties) = preSolution
		HideSolutionNode = FALSE
	EndGlobalSection
	GlobalSection(NestedProjects) = preSolution
		{DD6175E2-73CC-4CCD-A7D1-44A6A5403DBF} = {743EA45E-7516-4AD5-A76A-2F49C5D1AE52}
		{AD07B6E0-EDA0-4436-86B1-E33C0E0A959A} = {743EA45E-7516-4AD5-A76A-2F49C5D1AE52}
		{19BCE8B3-3CD6-4D79-B564-E9D96045C019} = {743EA45E-7516-4AD5-A76A-2F49C5D1AE52}
		{BEEE10F0-7AE7-4A82-A6F4-97C4147B764C} = {6992AED5-5568-4FDA-917B-C314016FAF90}
		{743EA45E-7516-4AD5-A76A-2F49C5D1AE52} = {6992AED5-5568-4FDA-917B-C314016FAF90}
		{9616D769-68E0-4041-96F3-32E664BFDDF1} = {6992AED5-5568-4FDA-917B-C314016FAF90}
		{82E4682F-6503-49C8-998F-DB3F978D0CE1} = {9616D769-68E0-4041-96F3-32E664BFDDF1}
		{8A04F710-8D3C-4F27-9D7E-79A6DFCFEA3C} = {9616D769-68E0-4041-96F3-32E664BFDDF1}
		{F232F021-FA07-49B7-9F22-AA5D9D06D2D0} = {6992AED5-5568-4FDA-917B-C314016FAF90}
		{3F4BA11A-FF75-47C1-A3AB-1764B6C15691} = {F232F021-FA07-49B7-9F22-AA5D9D06D2D0}
		{98893518-EFCE-4E6E-BAD9-DA0CE8EA06BC} = {9616D769-68E0-4041-96F3-32E664BFDDF1}
	EndGlobalSection
EndGlobal
